{
  "name": "opencode-copilot-auth",
  "version": "0.0.11",
  "lockfileVersion": 3,
  "requires": true,
  "packages": {
    "": {
      "name": "opencode-copilot-auth",
      "version": "0.0.11",
      "devDependencies": {
        "@opencode-ai/plugin": "^0.4.45"
      }
    },
    "node_modules/@opencode-ai/plugin": {
      "version": "0.4.45",
      "resolved": "https://registry.npmjs.org/@opencode-ai/plugin/-/plugin-0.4.45.tgz",
      "integrity": "sha512-TuD+FNmA6vN+/B82qayCvOyTXRuAtfvU0U95UKSZoNrYgIBhpD/sW/oS65iUv5QwQqzO8BxI4DYWjmLIqCz8uw==",
      "dev": true,
      "dependencies": {
        "@opencode-ai/sdk": "0.4.19"
      }
    },
    "node_modules/@opencode-ai/sdk": {
      "version": "0.4.19",
      "resolved": "https://registry.npmjs.org/@opencode-ai/sdk/-/sdk-0.4.19.tgz",
      "integrity": "sha512-7V+wDR1+m+TQZAraAh/bOSObiA/uysG1YIXZVe6gl1sQAXDtkG2FYCzs0gTZ/ORdkUKEnr3vyQIk895Mu0CC/w==",
      "dev": true
    }
  }
}
